// !$*UTF8*$!
{
	archiveVersion = 1;
	classes = {
	};
	objectVersion = 56;
	objects = {

/* Begin PBXBuildFile section */
		D112AD602A9BE337008A5BFB /* WaitingViewModel.swift in Sources */ = {isa = PBXBuildFile; fileRef = D112AD5F2A9BE337008A5BFB /* WaitingViewModel.swift */; };
		D112AD632A9BF9F5008A5BFB /* RefusalView.swift in Sources */ = {isa = PBXBuildFile; fileRef = D112AD622A9BF9F5008A5BFB /* RefusalView.swift */; };
		D13A6DD72A9BC43D009131AD /* AppDelegate.swift in Sources */ = {isa = PBXBuildFile; fileRef = D13A6DD62A9BC43D009131AD /* AppDelegate.swift */; };
		D13A6DD92A9BC43D009131AD /* SceneDelegate.swift in Sources */ = {isa = PBXBuildFile; fileRef = D13A6DD82A9BC43D009131AD /* SceneDelegate.swift */; };
		D13A6DDB2A9BC43D009131AD /* WaitingView.swift in Sources */ = {isa = PBXBuildFile; fileRef = D13A6DDA2A9BC43D009131AD /* WaitingView.swift */; };
		D13A6DDE2A9BC43D009131AD /* Main.storyboard in Resources */ = {isa = PBXBuildFile; fileRef = D13A6DDC2A9BC43D009131AD /* Main.storyboard */; };
		D13A6DE02A9BC43E009131AD /* Assets.xcassets in Resources */ = {isa = PBXBuildFile; fileRef = D13A6DDF2A9BC43E009131AD /* Assets.xcassets */; };
		D13A6DE32A9BC43E009131AD /* LaunchScreen.storyboard in Resources */ = {isa = PBXBuildFile; fileRef = D13A6DE12A9BC43E009131AD /* LaunchScreen.storyboard */; };
		D13A6DF92A9BC51E009131AD /* Rubik-Italic.ttf in Resources */ = {isa = PBXBuildFile; fileRef = D13A6DEB2A9BC51D009131AD /* Rubik-Italic.ttf */; };
		D13A6DFA2A9BC51E009131AD /* Rubik-Light.ttf in Resources */ = {isa = PBXBuildFile; fileRef = D13A6DEC2A9BC51E009131AD /* Rubik-Light.ttf */; };
		D13A6DFB2A9BC51E009131AD /* Rubik-SemiBold.ttf in Resources */ = {isa = PBXBuildFile; fileRef = D13A6DED2A9BC51E009131AD /* Rubik-SemiBold.ttf */; };
		D13A6DFC2A9BC51E009131AD /* Rubik-Bold.ttf in Resources */ = {isa = PBXBuildFile; fileRef = D13A6DEE2A9BC51E009131AD /* Rubik-Bold.ttf */; };
		D13A6DFD2A9BC51E009131AD /* Rubik-LightItalic.ttf in Resources */ = {isa = PBXBuildFile; fileRef = D13A6DEF2A9BC51E009131AD /* Rubik-LightItalic.ttf */; };
		D13A6DFE2A9BC51E009131AD /* Rubik-MediumItalic.ttf in Resources */ = {isa = PBXBuildFile; fileRef = D13A6DF02A9BC51E009131AD /* Rubik-MediumItalic.ttf */; };
		D13A6DFF2A9BC51E009131AD /* Rubik-Black.ttf in Resources */ = {isa = PBXBuildFile; fileRef = D13A6DF12A9BC51E009131AD /* Rubik-Black.ttf */; };
		D13A6E002A9BC51E009131AD /* Rubik-Regular.ttf in Resources */ = {isa = PBXBuildFile; fileRef = D13A6DF22A9BC51E009131AD /* Rubik-Regular.ttf */; };
		D13A6E012A9BC51E009131AD /* Rubik-ExtraBoldItalic.ttf in Resources */ = {isa = PBXBuildFile; fileRef = D13A6DF32A9BC51E009131AD /* Rubik-ExtraBoldItalic.ttf */; };
		D13A6E022A9BC51E009131AD /* Rubik-ExtraBold.ttf in Resources */ = {isa = PBXBuildFile; fileRef = D13A6DF42A9BC51E009131AD /* Rubik-ExtraBold.ttf */; };
		D13A6E032A9BC51E009131AD /* Rubik-Medium.ttf in Resources */ = {isa = PBXBuildFile; fileRef = D13A6DF52A9BC51E009131AD /* Rubik-Medium.ttf */; };
		D13A6E042A9BC51E009131AD /* Rubik-BlackItalic.ttf in Resources */ = {isa = PBXBuildFile; fileRef = D13A6DF62A9BC51E009131AD /* Rubik-BlackItalic.ttf */; };
		D13A6E052A9BC51E009131AD /* Rubik-BoldItalic.ttf in Resources */ = {isa = PBXBuildFile; fileRef = D13A6DF72A9BC51E009131AD /* Rubik-BoldItalic.ttf */; };
		D13A6E062A9BC51E009131AD /* Rubik-SemiBoldItalic.ttf in Resources */ = {isa = PBXBuildFile; fileRef = D13A6DF82A9BC51E009131AD /* Rubik-SemiBoldItalic.ttf */; };
		D1A7686D2A9D212000041D26 /* Colors.swift in Sources */ = {isa = PBXBuildFile; fileRef = D1A7686C2A9D212000041D26 /* Colors.swift */; };
/* End PBXBuildFile section */

/* Begin PBXFileReference section */
		D112AD5F2A9BE337008A5BFB /* WaitingViewModel.swift */ = {isa = PBXFileReference; lastKnownFileType = sourcecode.swift; path = WaitingViewModel.swift; sourceTree = "<group>"; };
		D112AD622A9BF9F5008A5BFB /* RefusalView.swift */ = {isa = PBXFileReference; lastKnownFileType = sourcecode.swift; path = RefusalView.swift; sourceTree = "<group>"; };
		D13A6DD32A9BC43D009131AD /* Bistrodengi-WaitingView.app */ = {isa = PBXFileReference; explicitFileType = wrapper.application; includeInIndex = 0; path = "Bistrodengi-WaitingView.app"; sourceTree = BUILT_PRODUCTS_DIR; };
		D13A6DD62A9BC43D009131AD /* AppDelegate.swift */ = {isa = PBXFileReference; lastKnownFileType = sourcecode.swift; path = AppDelegate.swift; sourceTree = "<group>"; };
		D13A6DD82A9BC43D009131AD /* SceneDelegate.swift */ = {isa = PBXFileReference; lastKnownFileType = sourcecode.swift; path = SceneDelegate.swift; sourceTree = "<group>"; };
		D13A6DDA2A9BC43D009131AD /* WaitingView.swift */ = {isa = PBXFileReference; lastKnownFileType = sourcecode.swift; path = WaitingView.swift; sourceTree = "<group>"; };
		D13A6DDD2A9BC43D009131AD /* Base */ = {isa = PBXFileReference; lastKnownFileType = file.storyboard; name = Base; path = Base.lproj/Main.storyboard; sourceTree = "<group>"; };
		D13A6DDF2A9BC43E009131AD /* Assets.xcassets */ = {isa = PBXFileReference; lastKnownFileType = folder.assetcatalog; path = Assets.xcassets; sourceTree = "<group>"; };
		D13A6DE22A9BC43E009131AD /* Base */ = {isa = PBXFileReference; lastKnownFileType = file.storyboard; name = Base; path = Base.lproj/LaunchScreen.storyboard; sourceTree = "<group>"; };
		D13A6DE42A9BC43E009131AD /* Info.plist */ = {isa = PBXFileReference; lastKnownFileType = text.plist.xml; path = Info.plist; sourceTree = "<group>"; };
		D13A6DEB2A9BC51D009131AD /* Rubik-Italic.ttf */ = {isa = PBXFileReference; lastKnownFileType = file; path = "Rubik-Italic.ttf"; sourceTree = "<group>"; };
		D13A6DEC2A9BC51E009131AD /* Rubik-Light.ttf */ = {isa = PBXFileReference; lastKnownFileType = file; path = "Rubik-Light.ttf"; sourceTree = "<group>"; };
		D13A6DED2A9BC51E009131AD /* Rubik-SemiBold.ttf */ = {isa = PBXFileReference; lastKnownFileType = file; path = "Rubik-SemiBold.ttf"; sourceTree = "<group>"; };
		D13A6DEE2A9BC51E009131AD /* Rubik-Bold.ttf */ = {isa = PBXFileReference; lastKnownFileType = file; path = "Rubik-Bold.ttf"; sourceTree = "<group>"; };
		D13A6DEF2A9BC51E009131AD /* Rubik-LightItalic.ttf */ = {isa = PBXFileReference; lastKnownFileType = file; path = "Rubik-LightItalic.ttf"; sourceTree = "<group>"; };
		D13A6DF02A9BC51E009131AD /* Rubik-MediumItalic.ttf */ = {isa = PBXFileReference; lastKnownFileType = file; path = "Rubik-MediumItalic.ttf"; sourceTree = "<group>"; };
		D13A6DF12A9BC51E009131AD /* Rubik-Black.ttf */ = {isa = PBXFileReference; lastKnownFileType = file; path = "Rubik-Black.ttf"; sourceTree = "<group>"; };
		D13A6DF22A9BC51E009131AD /* Rubik-Regular.ttf */ = {isa = PBXFileReference; lastKnownFileType = file; path = "Rubik-Regular.ttf"; sourceTree = "<group>"; };
		D13A6DF32A9BC51E009131AD /* Rubik-ExtraBoldItalic.ttf */ = {isa = PBXFileReference; lastKnownFileType = file; path = "Rubik-ExtraBoldItalic.ttf"; sourceTree = "<group>"; };
		D13A6DF42A9BC51E009131AD /* Rubik-ExtraBold.ttf */ = {isa = PBXFileReference; lastKnownFileType = file; path = "Rubik-ExtraBold.ttf"; sourceTree = "<group>"; };
		D13A6DF52A9BC51E009131AD /* Rubik-Medium.ttf */ = {isa = PBXFileReference; lastKnownFileType = file; path = "Rubik-Medium.ttf"; sourceTree = "<group>"; };
		D13A6DF62A9BC51E009131AD /* Rubik-BlackItalic.ttf */ = {isa = PBXFileReference; lastKnownFileType = file; path = "Rubik-BlackItalic.ttf"; sourceTree = "<group>"; };
		D13A6DF72A9BC51E009131AD /* Rubik-BoldItalic.ttf */ = {isa = PBXFileReference; lastKnownFileType = file; path = "Rubik-BoldItalic.ttf"; sourceTree = "<group>"; };
		D13A6DF82A9BC51E009131AD /* Rubik-SemiBoldItalic.ttf */ = {isa = PBXFileReference; lastKnownFileType = file; path = "Rubik-SemiBoldItalic.ttf"; sourceTree = "<group>"; };
		D1A7686C2A9D212000041D26 /* Colors.swift */ = {isa = PBXFileReference; lastKnownFileType = sourcecode.swift; path = Colors.swift; sourceTree = "<group>"; };
/* End PBXFileReference section */

/* Begin PBXFrameworksBuildPhase section */
		D13A6DD02A9BC43D009131AD /* Frameworks */ = {
			isa = PBXFrameworksBuildPhase;
			buildActionMask = 2147483647;
			files = (
			);
			runOnlyForDeploymentPostprocessing = 0;
		};
/* End PBXFrameworksBuildPhase section */

/* Begin PBXGroup section */
		D112AD612A9BE7E6008A5BFB /* Application */ = {
			isa = PBXGroup;
			children = (
				D13A6DD62A9BC43D009131AD /* AppDelegate.swift */,
				D13A6DD82A9BC43D009131AD /* SceneDelegate.swift */,
			);
			path = Application;
			sourceTree = "<group>";
		};
		D112AD642A9BFA2C008A5BFB /* Views */ = {
			isa = PBXGroup;
			children = (
				D13A6DDA2A9BC43D009131AD /* WaitingView.swift */,
				D112AD622A9BF9F5008A5BFB /* RefusalView.swift */,
			);
			path = Views;
			sourceTree = "<group>";
		};
		D112AD652A9BFA36008A5BFB /* Models */ = {
			isa = PBXGroup;
			children = (
				D112AD5F2A9BE337008A5BFB /* WaitingViewModel.swift */,
			);
			path = Models;
			sourceTree = "<group>";
		};
		D13A6DCA2A9BC43D009131AD = {
			isa = PBXGroup;
			children = (
				D13A6DD52A9BC43D009131AD /* Bistrodengi-WaitingView */,
				D13A6DD42A9BC43D009131AD /* Products */,
			);
			sourceTree = "<group>";
		};
		D13A6DD42A9BC43D009131AD /* Products */ = {
			isa = PBXGroup;
			children = (
				D13A6DD32A9BC43D009131AD /* Bistrodengi-WaitingView.app */,
			);
			name = Products;
			sourceTree = "<group>";
		};
		D13A6DD52A9BC43D009131AD /* Bistrodengi-WaitingView */ = {
			isa = PBXGroup;
			children = (
				D1A7686E2A9D212700041D26 /* Helpers */,
				D112AD612A9BE7E6008A5BFB /* Application */,
				D112AD642A9BFA2C008A5BFB /* Views */,
				D112AD652A9BFA36008A5BFB /* Models */,
				D13A6DEA2A9BC50E009131AD /* Fonts */,
				D13A6DDC2A9BC43D009131AD /* Main.storyboard */,
				D13A6DDF2A9BC43E009131AD /* Assets.xcassets */,
				D13A6DE12A9BC43E009131AD /* LaunchScreen.storyboard */,
				D13A6DE42A9BC43E009131AD /* Info.plist */,
			);
			path = "Bistrodengi-WaitingView";
			sourceTree = "<group>";
		};
		D13A6DEA2A9BC50E009131AD /* Fonts */ = {
			isa = PBXGroup;
			children = (
				D13A6DF12A9BC51E009131AD /* Rubik-Black.ttf */,
				D13A6DF62A9BC51E009131AD /* Rubik-BlackItalic.ttf */,
				D13A6DEE2A9BC51E009131AD /* Rubik-Bold.ttf */,
				D13A6DF72A9BC51E009131AD /* Rubik-BoldItalic.ttf */,
				D13A6DF42A9BC51E009131AD /* Rubik-ExtraBold.ttf */,
				D13A6DF32A9BC51E009131AD /* Rubik-ExtraBoldItalic.ttf */,
				D13A6DEB2A9BC51D009131AD /* Rubik-Italic.ttf */,
				D13A6DEC2A9BC51E009131AD /* Rubik-Light.ttf */,
				D13A6DEF2A9BC51E009131AD /* Rubik-LightItalic.ttf */,
				D13A6DF52A9BC51E009131AD /* Rubik-Medium.ttf */,
				D13A6DF02A9BC51E009131AD /* Rubik-MediumItalic.ttf */,
				D13A6DF22A9BC51E009131AD /* Rubik-Regular.ttf */,
				D13A6DED2A9BC51E009131AD /* Rubik-SemiBold.ttf */,
				D13A6DF82A9BC51E009131AD /* Rubik-SemiBoldItalic.ttf */,
			);
			path = Fonts;
			sourceTree = "<group>";
		};
		D1A7686E2A9D212700041D26 /* Helpers */ = {
			isa = PBXGroup;
			children = (
				D1A7686C2A9D212000041D26 /* Colors.swift */,
			);
			path = Helpers;
			sourceTree = "<group>";
		};
/* End PBXGroup section */

/* Begin PBXNativeTarget section */
		D13A6DD22A9BC43D009131AD /* Bistrodengi-WaitingView */ = {
			isa = PBXNativeTarget;
			buildConfigurationList = D13A6DE72A9BC43E009131AD /* Build configuration list for PBXNativeTarget "Bistrodengi-WaitingView" */;
			buildPhases = (
				D13A6DCF2A9BC43D009131AD /* Sources */,
				D13A6DD02A9BC43D009131AD /* Frameworks */,
				D13A6DD12A9BC43D009131AD /* Resources */,
			);
			buildRules = (
			);
			dependencies = (
			);
			name = "Bistrodengi-WaitingView";
			productName = "Bistrodengi-WaitingView";
			productReference = D13A6DD32A9BC43D009131AD /* Bistrodengi-WaitingView.app */;
			productType = "com.apple.product-type.application";
		};
/* End PBXNativeTarget section */

/* Begin PBXProject section */
		D13A6DCB2A9BC43D009131AD /* Project object */ = {
			isa = PBXProject;
			attributes = {
				BuildIndependentTargetsInParallel = 1;
				LastSwiftUpdateCheck = 1430;
				LastUpgradeCheck = 1430;
				TargetAttributes = {
					D13A6DD22A9BC43D009131AD = {
						CreatedOnToolsVersion = 14.3.1;
					};
				};
			};
			buildConfigurationList = D13A6DCE2A9BC43D009131AD /* Build configuration list for PBXProject "Bistrodengi-WaitingView" */;
			compatibilityVersion = "Xcode 14.0";
			developmentRegion = en;
			hasScannedForEncodings = 0;
			knownRegions = (
				en,
				Base,
			);
			mainGroup = D13A6DCA2A9BC43D009131AD;
			productRefGroup = D13A6DD42A9BC43D009131AD /* Products */;
			projectDirPath = "";
			projectRoot = "";
			targets = (
				D13A6DD22A9BC43D009131AD /* Bistrodengi-WaitingView */,
			);
		};
/* End PBXProject section */

/* Begin PBXResourcesBuildPhase section */
		D13A6DD12A9BC43D009131AD /* Resources */ = {
			isa = PBXResourcesBuildPhase;
			buildActionMask = 2147483647;
			files = (
				D13A6DF92A9BC51E009131AD /* Rubik-Italic.ttf in Resources */,
				D13A6E052A9BC51E009131AD /* Rubik-BoldItalic.ttf in Resources */,
				D13A6E022A9BC51E009131AD /* Rubik-ExtraBold.ttf in Resources */,
				D13A6DFE2A9BC51E009131AD /* Rubik-MediumItalic.ttf in Resources */,
				D13A6DFD2A9BC51E009131AD /* Rubik-LightItalic.ttf in Resources */,
				D13A6DE32A9BC43E009131AD /* LaunchScreen.storyboard in Resources */,
				D13A6E042A9BC51E009131AD /* Rubik-BlackItalic.ttf in Resources */,
				D13A6DFA2A9BC51E009131AD /* Rubik-Light.ttf in Resources */,
				D13A6DFB2A9BC51E009131AD /* Rubik-SemiBold.ttf in Resources */,
				D13A6E012A9BC51E009131AD /* Rubik-ExtraBoldItalic.ttf in Resources */,
				D13A6E002A9BC51E009131AD /* Rubik-Regular.ttf in Resources */,
				D13A6DFC2A9BC51E009131AD /* Rubik-Bold.ttf in Resources */,
				D13A6DE02A9BC43E009131AD /* Assets.xcassets in Resources */,
				D13A6DFF2A9BC51E009131AD /* Rubik-Black.ttf in Resources */,
				D13A6DDE2A9BC43D009131AD /* Main.storyboard in Resources */,
				D13A6E062A9BC51E009131AD /* Rubik-SemiBoldItalic.ttf in Resources */,
				D13A6E032A9BC51E009131AD /* Rubik-Medium.ttf in Resources */,
			);
			runOnlyForDeploymentPostprocessing = 0;
		};
/* End PBXResourcesBuildPhase section */

/* Begin PBXSourcesBuildPhase section */
		D13A6DCF2A9BC43D009131AD /* Sources */ = {
			isa = PBXSourcesBuildPhase;
			buildActionMask = 2147483647;
			files = (
				D112AD602A9BE337008A5BFB /* WaitingViewModel.swift in Sources */,
				D1A7686D2A9D212000041D26 /* Colors.swift in Sources */,
				D13A6DDB2A9BC43D009131AD /* WaitingView.swift in Sources */,
				D13A6DD72A9BC43D009131AD /* AppDelegate.swift in Sources */,
				D112AD632A9BF9F5008A5BFB /* RefusalView.swift in Sources */,
				D13A6DD92A9BC43D009131AD /* SceneDelegate.swift in Sources */,
			);
			runOnlyForDeploymentPostprocessing = 0;
		};
/* End PBXSourcesBuildPhase section */

/* Begin PBXVariantGroup section */
		D13A6DDC2A9BC43D009131AD /* Main.storyboard */ = {
			isa = PBXVariantGroup;
			children = (
				D13A6DDD2A9BC43D009131AD /* Base */,
			);
			name = Main.storyboard;
			sourceTree = "<group>";
		};
		D13A6DE12A9BC43E009131AD /* LaunchScreen.storyboard */ = {
			isa = PBXVariantGroup;
			children = (
				D13A6DE22A9BC43E009131AD /* Base */,
			);
			name = LaunchScreen.storyboard;
			sourceTree = "<group>";
		};
/* End PBXVariantGroup section */

/* Begin XCBuildConfiguration section */
		D13A6DE52A9BC43E009131AD /* Debug */ = {
			isa = XCBuildConfiguration;
			buildSettings = {
				ALWAYS_SEARCH_USER_PATHS = NO;
				CLANG_ANALYZER_NONNULL = YES;
				CLANG_ANALYZER_NUMBER_OBJECT_CONVERSION = YES_AGGRESSIVE;
				CLANG_CXX_LANGUAGE_STANDARD = "gnu++20";
				CLANG_ENABLE_MODULES = YES;
				CLANG_ENABLE_OBJC_ARC = YES;
				CLANG_ENABLE_OBJC_WEAK = YES;
				CLANG_WARN_BLOCK_CAPTURE_AUTORELEASING = YES;
				CLANG_WARN_BOOL_CONVERSION = YES;
				CLANG_WARN_COMMA = YES;
				CLANG_WARN_CONSTANT_CONVERSION = YES;
				CLANG_WARN_DEPRECATED_OBJC_IMPLEMENTATIONS = YES;
				CLANG_WARN_DIRECT_OBJC_ISA_USAGE = YES_ERROR;
				CLANG_WARN_DOCUMENTATION_COMMENTS = YES;
				CLANG_WARN_EMPTY_BODY = YES;
				CLANG_WARN_ENUM_CONVERSION = YES;
				CLANG_WARN_INFINITE_RECURSION = YES;
				CLANG_WARN_INT_CONVERSION = YES;
				CLANG_WARN_NON_LITERAL_NULL_CONVERSION = YES;
				CLANG_WARN_OBJC_IMPLICIT_RETAIN_SELF = YES;
				CLANG_WARN_OBJC_LITERAL_CONVERSION = YES;
				CLANG_WARN_OBJC_ROOT_CLASS = YES_ERROR;
				CLANG_WARN_QUOTED_INCLUDE_IN_FRAMEWORK_HEADER = YES;
				CLANG_WARN_RANGE_LOOP_ANALYSIS = YES;
				CLANG_WARN_STRICT_PROTOTYPES = YES;
				CLANG_WARN_SUSPICIOUS_MOVE = YES;
				CLANG_WARN_UNGUARDED_AVAILABILITY = YES_AGGRESSIVE;
				CLANG_WARN_UNREACHABLE_CODE = YES;
				CLANG_WARN__DUPLICATE_METHOD_MATCH = YES;
				COPY_PHASE_STRIP = NO;
				DEBUG_INFORMATION_FORMAT = dwarf;
				ENABLE_STRICT_OBJC_MSGSEND = YES;
				ENABLE_TESTABILITY = YES;
				GCC_C_LANGUAGE_STANDARD = gnu11;
				GCC_DYNAMIC_NO_PIC = NO;
				GCC_NO_COMMON_BLOCKS = YES;
				GCC_OPTIMIZATION_LEVEL = 0;
				GCC_PREPROCESSOR_DEFINITIONS = (
					"DEBUG=1",
					"$(inherited)",
				);
				GCC_WARN_64_TO_32_BIT_CONVERSION = YES;
				GCC_WARN_ABOUT_RETURN_TYPE = YES_ERROR;
				GCC_WARN_UNDECLARED_SELECTOR = YES;
				GCC_WARN_UNINITIALIZED_AUTOS = YES_AGGRESSIVE;
				GCC_WARN_UNUSED_FUNCTION = YES;
				GCC_WARN_UNUSED_VARIABLE = YES;
				IPHONEOS_DEPLOYMENT_TARGET = 16.4;
				MTL_ENABLE_DEBUG_INFO = INCLUDE_SOURCE;
				MTL_FAST_MATH = YES;
				ONLY_ACTIVE_ARCH = YES;
				SDKROOT = iphoneos;
				SWIFT_ACTIVE_COMPILATION_CONDITIONS = DEBUG;
				SWIFT_OPTIMIZATION_LEVEL = "-Onone";
			};
			name = Debug;
		};
		D13A6DE62A9BC43E009131AD /* Release */ = {
			isa = XCBuildConfiguration;
			buildSettings = {
				ALWAYS_SEARCH_USER_PATHS = NO;
				CLANG_ANALYZER_NONNULL = YES;
				CLANG_ANALYZER_NUMBER_OBJECT_CONVERSION = YES_AGGRESSIVE;
				CLANG_CXX_LANGUAGE_STANDARD = "gnu++20";
				CLANG_ENABLE_MODULES = YES;
				CLANG_ENABLE_OBJC_ARC = YES;
				CLANG_ENABLE_OBJC_WEAK = YES;
				CLANG_WARN_BLOCK_CAPTURE_AUTORELEASING = YES;
				CLANG_WARN_BOOL_CONVERSION = YES;
				CLANG_WARN_COMMA = YES;
				CLANG_WARN_CONSTANT_CONVERSION = YES;
				CLANG_WARN_DEPRECATED_OBJC_IMPLEMENTATIONS = YES;
				CLANG_WARN_DIRECT_OBJC_ISA_USAGE = YES_ERROR;
				CLANG_WARN_DOCUMENTATION_COMMENTS = YES;
				CLANG_WARN_EMPTY_BODY = YES;
				CLANG_WARN_ENUM_CONVERSION = YES;
				CLANG_WARN_INFINITE_RECURSION = YES;
				CLANG_WARN_INT_CONVERSION = YES;
				CLANG_WARN_NON_LITERAL_NULL_CONVERSION = YES;
				CLANG_WARN_OBJC_IMPLICIT_RETAIN_SELF = YES;
				CLANG_WARN_OBJC_LITERAL_CONVERSION = YES;
				CLANG_WARN_OBJC_ROOT_CLASS = YES_ERROR;
				CLANG_WARN_QUOTED_INCLUDE_IN_FRAMEWORK_HEADER = YES;
				CLANG_WARN_RANGE_LOOP_ANALYSIS = YES;
				CLANG_WARN_STRICT_PROTOTYPES = YES;
				CLANG_WARN_SUSPICIOUS_MOVE = YES;
				CLANG_WARN_UNGUARDED_AVAILABILITY = YES_AGGRESSIVE;
				CLANG_WARN_UNREACHABLE_CODE = YES;
				CLANG_WARN__DUPLICATE_METHOD_MATCH = YES;
				COPY_PHASE_STRIP = NO;
				DEBUG_INFORMATION_FORMAT = "dwarf-with-dsym";
				ENABLE_NS_ASSERTIONS = NO;
				ENABLE_STRICT_OBJC_MSGSEND = YES;
				GCC_C_LANGUAGE_STANDARD = gnu11;
				GCC_NO_COMMON_BLOCKS = YES;
				GCC_WARN_64_TO_32_BIT_CONVERSION = YES;
				GCC_WARN_ABOUT_RETURN_TYPE = YES_ERROR;
				GCC_WARN_UNDECLARED_SELECTOR = YES;
				GCC_WARN_UNINITIALIZED_AUTOS = YES_AGGRESSIVE;
				GCC_WARN_UNUSED_FUNCTION = YES;
				GCC_WARN_UNUSED_VARIABLE = YES;
				IPHONEOS_DEPLOYMENT_TARGET = 16.4;
				MTL_ENABLE_DEBUG_INFO = NO;
				MTL_FAST_MATH = YES;
				SDKROOT = iphoneos;
				SWIFT_COMPILATION_MODE = wholemodule;
				SWIFT_OPTIMIZATION_LEVEL = "-O";
				VALIDATE_PRODUCT = YES;
			};
			name = Release;
		};
		D13A6DE82A9BC43E009131AD /* Debug */ = {
			isa = XCBuildConfiguration;
			buildSettings = {
				ASSETCATALOG_COMPILER_APPICON_NAME = AppIcon;
				ASSETCATALOG_COMPILER_GLOBAL_ACCENT_COLOR_NAME = AccentColor;
				CODE_SIGN_STYLE = Automatic;
				CURRENT_PROJECT_VERSION = 1;
				DEVELOPMENT_TEAM = Q6UCUC8752;
				GENERATE_INFOPLIST_FILE = YES;
				INFOPLIST_FILE = "Bistrodengi-WaitingView/Info.plist";
				INFOPLIST_KEY_UIApplicationSupportsIndirectInputEvents = YES;
				INFOPLIST_KEY_UILaunchStoryboardName = LaunchScreen;
				INFOPLIST_KEY_UIMainStoryboardFile = Main;
				INFOPLIST_KEY_UISupportedInterfaceOrientations_iPad = "UIInterfaceOrientationPortrait UIInterfaceOrientationPortraitUpsideDown UIInterfaceOrientationLandscapeLeft UIInterfaceOrientationLandscapeRight";
				INFOPLIST_KEY_UISupportedInterfaceOrientations_iPhone = "UIInterfaceOrientationPortrait UIInterfaceOrientationLandscapeLeft UIInterfaceOrientationLandscapeRight";
				LD_RUNPATH_SEARCH_PATHS = (
					"$(inherited)",
					"@executable_path/Frameworks",
				);
				MARKETING_VERSION = 1.0;
				PRODUCT_BUNDLE_IDENTIFIER = "com.cha0tica.Bistrodengi-WaitingView";
				PRODUCT_NAME = "$(TARGET_NAME)";
				SWIFT_EMIT_LOC_STRINGS = YES;
				SWIFT_VERSION = 5.0;
				TARGETED_DEVICE_FAMILY = "1,2";
			};
			name = Debug;
		};
		D13A6DE92A9BC43E009131AD /* Release */ = {
			isa = XCBuildConfiguration;
			buildSettings = {
				ASSETCATALOG_COMPILER_APPICON_NAME = AppIcon;
				ASSETCATALOG_COMPILER_GLOBAL_ACCENT_COLOR_NAME = AccentColor;
				CODE_SIGN_STYLE = Automatic;
				CURRENT_PROJECT_VERSION = 1;
				DEVELOPMENT_TEAM = Q6UCUC8752;
				GENERATE_INFOPLIST_FILE = YES;
				INFOPLIST_FILE = "Bistrodengi-WaitingView/Info.plist";
				INFOPLIST_KEY_UIApplicationSupportsIndirectInputEvents = YES;
				INFOPLIST_KEY_UILaunchStoryboardName = LaunchScreen;
				INFOPLIST_KEY_UIMainStoryboardFile = Main;
				INFOPLIST_KEY_UISupportedInterfaceOrientations_iPad = "UIInterfaceOrientationPortrait UIInterfaceOrientationPortraitUpsideDown UIInterfaceOrientationLandscapeLeft UIInterfaceOrientationLandscapeRight";
				INFOPLIST_KEY_UISupportedInterfaceOrientations_iPhone = "UIInterfaceOrientationPortrait UIInterfaceOrientationLandscapeLeft UIInterfaceOrientationLandscapeRight";
				LD_RUNPATH_SEARCH_PATHS = (
					"$(inherited)",
					"@executable_path/Frameworks",
				);
				MARKETING_VERSION = 1.0;
				PRODUCT_BUNDLE_IDENTIFIER = "com.cha0tica.Bistrodengi-WaitingView";
				PRODUCT_NAME = "$(TARGET_NAME)";
				SWIFT_EMIT_LOC_STRINGS = YES;
				SWIFT_VERSION = 5.0;
				TARGETED_DEVICE_FAMILY = "1,2";
			};
			name = Release;
		};
/* End XCBuildConfiguration section */

/* Begin XCConfigurationList section */
		D13A6DCE2A9BC43D009131AD /* Build configuration list for PBXProject "Bistrodengi-WaitingView" */ = {
			isa = XCConfigurationList;
			buildConfigurations = (
				D13A6DE52A9BC43E009131AD /* Debug */,
				D13A6DE62A9BC43E009131AD /* Release */,
			);
			defaultConfigurationIsVisible = 0;
			defaultConfigurationName = Release;
		};
		D13A6DE72A9BC43E009131AD /* Build configuration list for PBXNativeTarget "Bistrodengi-WaitingView" */ = {
			isa = XCConfigurationList;
			buildConfigurations = (
				D13A6DE82A9BC43E009131AD /* Debug */,
				D13A6DE92A9BC43E009131AD /* Release */,
			);
			defaultConfigurationIsVisible = 0;
			defaultConfigurationName = Release;
		};
/* End XCConfigurationList section */
	};
	rootObject = D13A6DCB2A9BC43D009131AD /* Project object */;
}
